
Microsoft Visual Studio Solution File, Format Version 12.00
# Visual Studio 15
VisualStudioVersion = 15.0.28010.2026
MinimumVisualStudioVersion = 10.0.40219.1
Project("{FAE04EC0-301F-11D3-BF4B-00C04F79EFBC}") = "AD2_Test2_Serge_Fabre", "AD2_Test2_Serge_Fabre\AD2_Test2_Serge_Fabre.csproj", "{B84CB52A-70D2-4BD4-A637-C78BDF9E2101}"
EndProject
Global
	GlobalSection(SolutionConfigurationPlatforms) = preSolution
		Debug|Any CPU = Debug|Any CPU
		Release|Any CPU = Release|Any CPU
	EndGlobalSection
	GlobalSection(ProjectConfigurationPlatforms) = postSolution
		{B84CB52A-70D2-4BD4-A637-C78BDF9E2101}.Debug|Any CPU.ActiveCfg = Debug|Any CPU
		{B84CB52A-70D2-4BD4-A637-C78BDF9E2101}.Debug|Any CPU.Build.0 = Debug|Any CPU
		{B84CB52A-70D2-4BD4-A637-C78BDF9E2101}.Release|Any CPU.ActiveCfg = Release|Any CPU
		{B84CB52A-70D2-4BD4-A637-C78BDF9E2101}.Release|Any CPU.Build.0 = Release|Any CPU
	EndGlobalSection
	GlobalSection(SolutionProperties) = preSolution
		HideSolutionNode = FALSE
	EndGlobalSection
	GlobalSection(ExtensibilityGlobals) = postSolution
		SolutionGuid = {7B79070E-0C88-4F60-BF43-D7376758A61E}
	EndGlobalSection
EndGlobal
